
Microsoft Visual Studio Solution File, Format Version 12.00
# Visual Studio Version 17
VisualStudioVersion = 17.5.33530.505
MinimumVisualStudioVersion = 10.0.40219.1
Project("{2150E333-8FDC-42A3-9474-1A3956D46DE8}") = "src", "src", "{BE782335-BD7E-49DA-B780-97037D380143}"
EndProject
Project("{2150E333-8FDC-42A3-9474-1A3956D46DE8}") = "Solutions Items", "Solutions Items", "{4D89C49A-15D2-4C69-A4BE-C29B12F9A127}"
	ProjectSection(SolutionItems) = preProject
		ServiceUrls.txt = ServiceUrls.txt
	EndProjectSection
EndProject
Project("{2150E333-8FDC-42A3-9474-1A3956D46DE8}") = "ApiGateway", "ApiGateway", "{B40A9BFC-822A-479A-B1FA-B949F4813CBC}"
EndProject
Project("{2150E333-8FDC-42A3-9474-1A3956D46DE8}") = "BuildingBlocks", "BuildingBlocks", "{74342764-3C80-4633-B388-52ECF4605CC6}"
EndProject
Project("{2150E333-8FDC-42A3-9474-1A3956D46DE8}") = "Services", "Services", "{C82AD4C7-4CC8-49FD-8B20-16569B37442E}"
EndProject
Project("{2150E333-8FDC-42A3-9474-1A3956D46DE8}") = "Clients", "Clients", "{0ACBEDC2-FDCC-4333-929A-C13DF0F0A825}"
EndProject
Project("{2150E333-8FDC-42A3-9474-1A3956D46DE8}") = "WebApiGateway", "WebApiGateway", "{85AC7EFA-F6D4-4AEB-B3F2-CF017EDA6896}"
EndProject
Project("{9A19103F-16F7-4668-BE54-9A1E7A4F7556}") = "Web.ApiGateway", "src\ApiGateway\WebApiGateway\Web.ApiGateway\Web.ApiGateway.csproj", "{9E9C4CBD-C4C4-48ED-926C-995A07D28D01}"
EndProject
Project("{2150E333-8FDC-42A3-9474-1A3956D46DE8}") = "EventBus", "EventBus", "{417F15AA-0D3C-42ED-AA4D-FF605E741DFA}"
EndProject
Project("{9A19103F-16F7-4668-BE54-9A1E7A4F7556}") = "EventBus.Base", "src\BuildingBlocks\EventBus\EventBus.Base\EventBus.Base.csproj", "{9DDE419C-BEFA-4944-9CEA-00AFA18C940A}"
EndProject
Project("{9A19103F-16F7-4668-BE54-9A1E7A4F7556}") = "EventBus.Factory", "src\BuildingBlocks\EventBus\EventBus.Factory\EventBus.Factory.csproj", "{47888652-AAAE-4CFD-8E07-0190981ED20D}"
EndProject
Project("{9A19103F-16F7-4668-BE54-9A1E7A4F7556}") = "EventBus.AzureServiceBus", "src\BuildingBlocks\EventBus\EventBus.AzureServiceBus\EventBus.AzureServiceBus.csproj", "{E78A1BE9-9061-4A7D-AC6A-1067A024CED8}"
EndProject
Project("{9A19103F-16F7-4668-BE54-9A1E7A4F7556}") = "EventBus.RabbitMQ", "src\BuildingBlocks\EventBus\EventBus.RabbitMQ\EventBus.RabbitMQ.csproj", "{63962E32-18FF-41B6-9B4C-420AE427FBE4}"
EndProject
Project("{2150E333-8FDC-42A3-9474-1A3956D46DE8}") = "BlazorWebApp", "BlazorWebApp", "{B0656E68-D989-496F-8818-C229DF3AB5B5}"
EndProject
Project("{9A19103F-16F7-4668-BE54-9A1E7A4F7556}") = "WebApp", "src\Client\BlazorWebApp\WebApp\WebApp.csproj", "{21A3BBFA-03FE-4B78-9F14-7D442A5E16DB}"
EndProject
Project("{2150E333-8FDC-42A3-9474-1A3956D46DE8}") = "BasketService", "BasketService", "{949E3C9B-C20D-4E71-B152-56716ADF09E1}"
EndProject
Project("{9A19103F-16F7-4668-BE54-9A1E7A4F7556}") = "BasketService.Api", "src\Services\BasketService\BasketService.Api\BasketService.Api.csproj", "{3DDE03D2-7AA1-47FD-8663-6DD534B5CDD5}"
EndProject
Project("{2150E333-8FDC-42A3-9474-1A3956D46DE8}") = "CatalogService", "CatalogService", "{BFE374FA-9C17-4BE9-9AFE-2FA593389A1E}"
EndProject
Project("{9A19103F-16F7-4668-BE54-9A1E7A4F7556}") = "CatalogService.Api", "src\Services\CatalogService\CatalogService.Api\CatalogService.Api.csproj", "{132746CD-E244-4AAA-90AA-D8646BBE0DB0}"
EndProject
Project("{2150E333-8FDC-42A3-9474-1A3956D46DE8}") = "IdentityService", "IdentityService", "{A60551FC-FF28-4CA0-9A81-EE454C97F214}"
EndProject
Project("{9A19103F-16F7-4668-BE54-9A1E7A4F7556}") = "IdentityService.APİ", "src\Services\IdentityService\IdentityService.APİ\IdentityService.APİ.csproj", "{52B190FA-9A9E-4FFD-9DAF-EEFE8CAA23CA}"
EndProject
Project("{2150E333-8FDC-42A3-9474-1A3956D46DE8}") = "NotificationService", "NotificationService", "{1B89F295-9901-44A3-8C62-6A1F668F854D}"
EndProject
Project("{9A19103F-16F7-4668-BE54-9A1E7A4F7556}") = "NotificationService", "src\Services\NotificationService\NotificationService\NotificationService.csproj", "{C2B6067C-C035-4676-84E2-46561321380E}"
EndProject
Project("{2150E333-8FDC-42A3-9474-1A3956D46DE8}") = "OrderService", "OrderService", "{2CA42EBB-EA17-4F0D-8BE0-3CD8E0645C49}"
EndProject
Project("{9A19103F-16F7-4668-BE54-9A1E7A4F7556}") = "OrderService.Domain", "src\Services\OrderService\OrderService.Domain\OrderService.Domain.csproj", "{A1986B8C-00F4-4B65-A944-6D78C385AEDF}"
EndProject
Project("{9A19103F-16F7-4668-BE54-9A1E7A4F7556}") = "OrderService.Application", "src\Services\OrderService\OrderService.Application\OrderService.Application.csproj", "{A43B1BBF-AEF2-4C37-A28A-EEA48E65397C}"
EndProject
Project("{9A19103F-16F7-4668-BE54-9A1E7A4F7556}") = "OrderService.Infrastructure", "src\Services\OrderService\OrderService.Infrastructure\OrderService.Infrastructure.csproj", "{0769B231-9D56-43DF-845E-B83697E6F967}"
EndProject
Project("{9A19103F-16F7-4668-BE54-9A1E7A4F7556}") = "OrderService.Api", "src\Services\OrderService\OrderService.Api\OrderService.Api.csproj", "{F8785614-AFFD-4B6A-89F5-128A0D90136D}"
EndProject
Project("{2150E333-8FDC-42A3-9474-1A3956D46DE8}") = "PaymentService", "PaymentService", "{46F26145-EAC4-4024-825B-684CF370839E}"
EndProject
Project("{9A19103F-16F7-4668-BE54-9A1E7A4F7556}") = "PaymentService.Api", "src\Services\PaymentService\PaymentService.Api\PaymentService.Api.csproj", "{15ACDA76-96BB-4766-8D66-6D012C91EC8F}"
EndProject
Project("{2150E333-8FDC-42A3-9474-1A3956D46DE8}") = "Tests", "Tests", "{4AC8113E-0661-45E9-B2DE-B9BC9E76A6E1}"
EndProject
Project("{2150E333-8FDC-42A3-9474-1A3956D46DE8}") = "BuildingBlocks", "BuildingBlocks", "{17388FA0-3319-4727-AACB-A850320BDAD1}"
EndProject
Project("{FAE04EC0-301F-11D3-BF4B-00C04F79EFBC}") = "EventBus.UnitTest", "Test\BuildingBlocks\EventBus.UnitTest\EventBus.UnitTest.csproj", "{AD96490B-F5DF-4A12-966E-406800BAB617}"
EndProject
Global
	GlobalSection(SolutionConfigurationPlatforms) = preSolution
		Debug|Any CPU = Debug|Any CPU
		Release|Any CPU = Release|Any CPU
	EndGlobalSection
	GlobalSection(ProjectConfigurationPlatforms) = postSolution
		{9E9C4CBD-C4C4-48ED-926C-995A07D28D01}.Debug|Any CPU.ActiveCfg = Debug|Any CPU
		{9E9C4CBD-C4C4-48ED-926C-995A07D28D01}.Debug|Any CPU.Build.0 = Debug|Any CPU
		{9E9C4CBD-C4C4-48ED-926C-995A07D28D01}.Release|Any CPU.ActiveCfg = Release|Any CPU
		{9E9C4CBD-C4C4-48ED-926C-995A07D28D01}.Release|Any CPU.Build.0 = Release|Any CPU
		{9DDE419C-BEFA-4944-9CEA-00AFA18C940A}.Debug|Any CPU.ActiveCfg = Debug|Any CPU
		{9DDE419C-BEFA-4944-9CEA-00AFA18C940A}.Debug|Any CPU.Build.0 = Debug|Any CPU
		{9DDE419C-BEFA-4944-9CEA-00AFA18C940A}.Release|Any CPU.ActiveCfg = Release|Any CPU
		{9DDE419C-BEFA-4944-9CEA-00AFA18C940A}.Release|Any CPU.Build.0 = Release|Any CPU
		{47888652-AAAE-4CFD-8E07-0190981ED20D}.Debug|Any CPU.ActiveCfg = Debug|Any CPU
		{47888652-AAAE-4CFD-8E07-0190981ED20D}.Debug|Any CPU.Build.0 = Debug|Any CPU
		{47888652-AAAE-4CFD-8E07-0190981ED20D}.Release|Any CPU.ActiveCfg = Release|Any CPU
		{47888652-AAAE-4CFD-8E07-0190981ED20D}.Release|Any CPU.Build.0 = Release|Any CPU
		{E78A1BE9-9061-4A7D-AC6A-1067A024CED8}.Debug|Any CPU.ActiveCfg = Debug|Any CPU
		{E78A1BE9-9061-4A7D-AC6A-1067A024CED8}.Debug|Any CPU.Build.0 = Debug|Any CPU
		{E78A1BE9-9061-4A7D-AC6A-1067A024CED8}.Release|Any CPU.ActiveCfg = Release|Any CPU
		{E78A1BE9-9061-4A7D-AC6A-1067A024CED8}.Release|Any CPU.Build.0 = Release|Any CPU
		{63962E32-18FF-41B6-9B4C-420AE427FBE4}.Debug|Any CPU.ActiveCfg = Debug|Any CPU
		{63962E32-18FF-41B6-9B4C-420AE427FBE4}.Debug|Any CPU.Build.0 = Debug|Any CPU
		{63962E32-18FF-41B6-9B4C-420AE427FBE4}.Release|Any CPU.ActiveCfg = Release|Any CPU
		{63962E32-18FF-41B6-9B4C-420AE427FBE4}.Release|Any CPU.Build.0 = Release|Any CPU
		{21A3BBFA-03FE-4B78-9F14-7D442A5E16DB}.Debug|Any CPU.ActiveCfg = Debug|Any CPU
		{21A3BBFA-03FE-4B78-9F14-7D442A5E16DB}.Debug|Any CPU.Build.0 = Debug|Any CPU
		{21A3BBFA-03FE-4B78-9F14-7D442A5E16DB}.Release|Any CPU.ActiveCfg = Release|Any CPU
		{21A3BBFA-03FE-4B78-9F14-7D442A5E16DB}.Release|Any CPU.Build.0 = Release|Any CPU
		{3DDE03D2-7AA1-47FD-8663-6DD534B5CDD5}.Debug|Any CPU.ActiveCfg = Debug|Any CPU
		{3DDE03D2-7AA1-47FD-8663-6DD534B5CDD5}.Debug|Any CPU.Build.0 = Debug|Any CPU
		{3DDE03D2-7AA1-47FD-8663-6DD534B5CDD5}.Release|Any CPU.ActiveCfg = Release|Any CPU
		{3DDE03D2-7AA1-47FD-8663-6DD534B5CDD5}.Release|Any CPU.Build.0 = Release|Any CPU
		{132746CD-E244-4AAA-90AA-D8646BBE0DB0}.Debug|Any CPU.ActiveCfg = Debug|Any CPU
		{132746CD-E244-4AAA-90AA-D8646BBE0DB0}.Debug|Any CPU.Build.0 = Debug|Any CPU
		{132746CD-E244-4AAA-90AA-D8646BBE0DB0}.Release|Any CPU.ActiveCfg = Release|Any CPU
		{132746CD-E244-4AAA-90AA-D8646BBE0DB0}.Release|Any CPU.Build.0 = Release|Any CPU
		{52B190FA-9A9E-4FFD-9DAF-EEFE8CAA23CA}.Debug|Any CPU.ActiveCfg = Debug|Any CPU
		{52B190FA-9A9E-4FFD-9DAF-EEFE8CAA23CA}.Debug|Any CPU.Build.0 = Debug|Any CPU
		{52B190FA-9A9E-4FFD-9DAF-EEFE8CAA23CA}.Release|Any CPU.ActiveCfg = Release|Any CPU
		{52B190FA-9A9E-4FFD-9DAF-EEFE8CAA23CA}.Release|Any CPU.Build.0 = Release|Any CPU
		{C2B6067C-C035-4676-84E2-46561321380E}.Debug|Any CPU.ActiveCfg = Debug|Any CPU
		{C2B6067C-C035-4676-84E2-46561321380E}.Debug|Any CPU.Build.0 = Debug|Any CPU
		{C2B6067C-C035-4676-84E2-46561321380E}.Release|Any CPU.ActiveCfg = Release|Any CPU
		{C2B6067C-C035-4676-84E2-46561321380E}.Release|Any CPU.Build.0 = Release|Any CPU
		{A1986B8C-00F4-4B65-A944-6D78C385AEDF}.Debug|Any CPU.ActiveCfg = Debug|Any CPU
		{A1986B8C-00F4-4B65-A944-6D78C385AEDF}.Debug|Any CPU.Build.0 = Debug|Any CPU
		{A1986B8C-00F4-4B65-A944-6D78C385AEDF}.Release|Any CPU.ActiveCfg = Release|Any CPU
		{A1986B8C-00F4-4B65-A944-6D78C385AEDF}.Release|Any CPU.Build.0 = Release|Any CPU
		{A43B1BBF-AEF2-4C37-A28A-EEA48E65397C}.Debug|Any CPU.ActiveCfg = Debug|Any CPU
		{A43B1BBF-AEF2-4C37-A28A-EEA48E65397C}.Debug|Any CPU.Build.0 = Debug|Any CPU
		{A43B1BBF-AEF2-4C37-A28A-EEA48E65397C}.Release|Any CPU.ActiveCfg = Release|Any CPU
		{A43B1BBF-AEF2-4C37-A28A-EEA48E65397C}.Release|Any CPU.Build.0 = Release|Any CPU
		{0769B231-9D56-43DF-845E-B83697E6F967}.Debug|Any CPU.ActiveCfg = Debug|Any CPU
		{0769B231-9D56-43DF-845E-B83697E6F967}.Debug|Any CPU.Build.0 = Debug|Any CPU
		{0769B231-9D56-43DF-845E-B83697E6F967}.Release|Any CPU.ActiveCfg = Release|Any CPU
		{0769B231-9D56-43DF-845E-B83697E6F967}.Release|Any CPU.Build.0 = Release|Any CPU
		{F8785614-AFFD-4B6A-89F5-128A0D90136D}.Debug|Any CPU.ActiveCfg = Debug|Any CPU
		{F8785614-AFFD-4B6A-89F5-128A0D90136D}.Debug|Any CPU.Build.0 = Debug|Any CPU
		{F8785614-AFFD-4B6A-89F5-128A0D90136D}.Release|Any CPU.ActiveCfg = Release|Any CPU
		{F8785614-AFFD-4B6A-89F5-128A0D90136D}.Release|Any CPU.Build.0 = Release|Any CPU
		{15ACDA76-96BB-4766-8D66-6D012C91EC8F}.Debug|Any CPU.ActiveCfg = Debug|Any CPU
		{15ACDA76-96BB-4766-8D66-6D012C91EC8F}.Debug|Any CPU.Build.0 = Debug|Any CPU
		{15ACDA76-96BB-4766-8D66-6D012C91EC8F}.Release|Any CPU.ActiveCfg = Release|Any CPU
		{15ACDA76-96BB-4766-8D66-6D012C91EC8F}.Release|Any CPU.Build.0 = Release|Any CPU
		{AD96490B-F5DF-4A12-966E-406800BAB617}.Debug|Any CPU.ActiveCfg = Debug|Any CPU
		{AD96490B-F5DF-4A12-966E-406800BAB617}.Debug|Any CPU.Build.0 = Debug|Any CPU
		{AD96490B-F5DF-4A12-966E-406800BAB617}.Release|Any CPU.ActiveCfg = Release|Any CPU
		{AD96490B-F5DF-4A12-966E-406800BAB617}.Release|Any CPU.Build.0 = Release|Any CPU
	EndGlobalSection
	GlobalSection(SolutionProperties) = preSolution
		HideSolutionNode = FALSE
	EndGlobalSection
	GlobalSection(NestedProjects) = preSolution
		{B40A9BFC-822A-479A-B1FA-B949F4813CBC} = {BE782335-BD7E-49DA-B780-97037D380143}
		{74342764-3C80-4633-B388-52ECF4605CC6} = {BE782335-BD7E-49DA-B780-97037D380143}
		{C82AD4C7-4CC8-49FD-8B20-16569B37442E} = {BE782335-BD7E-49DA-B780-97037D380143}
		{0ACBEDC2-FDCC-4333-929A-C13DF0F0A825} = {BE782335-BD7E-49DA-B780-97037D380143}
		{85AC7EFA-F6D4-4AEB-B3F2-CF017EDA6896} = {B40A9BFC-822A-479A-B1FA-B949F4813CBC}
		{9E9C4CBD-C4C4-48ED-926C-995A07D28D01} = {85AC7EFA-F6D4-4AEB-B3F2-CF017EDA6896}
		{417F15AA-0D3C-42ED-AA4D-FF605E741DFA} = {74342764-3C80-4633-B388-52ECF4605CC6}
		{9DDE419C-BEFA-4944-9CEA-00AFA18C940A} = {417F15AA-0D3C-42ED-AA4D-FF605E741DFA}
		{47888652-AAAE-4CFD-8E07-0190981ED20D} = {417F15AA-0D3C-42ED-AA4D-FF605E741DFA}
		{E78A1BE9-9061-4A7D-AC6A-1067A024CED8} = {417F15AA-0D3C-42ED-AA4D-FF605E741DFA}
		{63962E32-18FF-41B6-9B4C-420AE427FBE4} = {417F15AA-0D3C-42ED-AA4D-FF605E741DFA}
		{B0656E68-D989-496F-8818-C229DF3AB5B5} = {0ACBEDC2-FDCC-4333-929A-C13DF0F0A825}
		{21A3BBFA-03FE-4B78-9F14-7D442A5E16DB} = {B0656E68-D989-496F-8818-C229DF3AB5B5}
		{949E3C9B-C20D-4E71-B152-56716ADF09E1} = {C82AD4C7-4CC8-49FD-8B20-16569B37442E}
		{3DDE03D2-7AA1-47FD-8663-6DD534B5CDD5} = {949E3C9B-C20D-4E71-B152-56716ADF09E1}
		{BFE374FA-9C17-4BE9-9AFE-2FA593389A1E} = {C82AD4C7-4CC8-49FD-8B20-16569B37442E}
		{132746CD-E244-4AAA-90AA-D8646BBE0DB0} = {BFE374FA-9C17-4BE9-9AFE-2FA593389A1E}
		{A60551FC-FF28-4CA0-9A81-EE454C97F214} = {C82AD4C7-4CC8-49FD-8B20-16569B37442E}
		{52B190FA-9A9E-4FFD-9DAF-EEFE8CAA23CA} = {A60551FC-FF28-4CA0-9A81-EE454C97F214}
		{1B89F295-9901-44A3-8C62-6A1F668F854D} = {C82AD4C7-4CC8-49FD-8B20-16569B37442E}
		{C2B6067C-C035-4676-84E2-46561321380E} = {1B89F295-9901-44A3-8C62-6A1F668F854D}
		{2CA42EBB-EA17-4F0D-8BE0-3CD8E0645C49} = {C82AD4C7-4CC8-49FD-8B20-16569B37442E}
		{A1986B8C-00F4-4B65-A944-6D78C385AEDF} = {2CA42EBB-EA17-4F0D-8BE0-3CD8E0645C49}
		{A43B1BBF-AEF2-4C37-A28A-EEA48E65397C} = {2CA42EBB-EA17-4F0D-8BE0-3CD8E0645C49}
		{0769B231-9D56-43DF-845E-B83697E6F967} = {2CA42EBB-EA17-4F0D-8BE0-3CD8E0645C49}
		{F8785614-AFFD-4B6A-89F5-128A0D90136D} = {2CA42EBB-EA17-4F0D-8BE0-3CD8E0645C49}
		{46F26145-EAC4-4024-825B-684CF370839E} = {C82AD4C7-4CC8-49FD-8B20-16569B37442E}
		{15ACDA76-96BB-4766-8D66-6D012C91EC8F} = {46F26145-EAC4-4024-825B-684CF370839E}
		{17388FA0-3319-4727-AACB-A850320BDAD1} = {4AC8113E-0661-45E9-B2DE-B9BC9E76A6E1}
		{AD96490B-F5DF-4A12-966E-406800BAB617} = {17388FA0-3319-4727-AACB-A850320BDAD1}
	EndGlobalSection
	GlobalSection(ExtensibilityGlobals) = postSolution
		SolutionGuid = {7BE5F4D0-EED8-4029-AEDE-267F6F6B26D1}
	EndGlobalSection
EndGlobal
